
Microsoft Visual Studio Solution File, Format Version 12.00
# Visual Studio Version 17
VisualStudioVersion = 17.2.32616.157
MinimumVisualStudioVersion = 10.0.40219.1
Project("{FAE04EC0-301F-11D3-BF4B-00C04F79EFBC}") = "Spice", "Spice\Spice.csproj", "{3F72B983-EAB1-41B9-AE04-1BF5D0AF23A8}"
EndProject
Global
	GlobalSection(SolutionConfigurationPlatforms) = preSolution
		Debug|Any CPU = Debug|Any CPU
		Release|Any CPU = Release|Any CPU
	EndGlobalSection
	GlobalSection(ProjectConfigurationPlatforms) = postSolution
		{3F72B983-EAB1-41B9-AE04-1BF5D0AF23A8}.Debug|Any CPU.ActiveCfg = Debug|Any CPU
		{3F72B983-EAB1-41B9-AE04-1BF5D0AF23A8}.Debug|Any CPU.Build.0 = Debug|Any CPU
		{3F72B983-EAB1-41B9-AE04-1BF5D0AF23A8}.Release|Any CPU.ActiveCfg = Release|Any CPU
		{3F72B983-EAB1-41B9-AE04-1BF5D0AF23A8}.Release|Any CPU.Build.0 = Release|Any CPU
	EndGlobalSection
	GlobalSection(SolutionProperties) = preSolution
		HideSolutionNode = FALSE
	EndGlobalSection
	GlobalSection(ExtensibilityGlobals) = postSolution
		SolutionGuid = {2DB460CA-79D7-4D7B-BFB3-A158B98E3621}
	EndGlobalSection
EndGlobal
